
Microsoft Visual Studio Solution File, Format Version 12.00
# Visual Studio 14
VisualStudioVersion = 14.0.23107.0
MinimumVisualStudioVersion = 10.0.40219.1
Project("{FAE04EC0-301F-11D3-BF4B-00C04F79EFBC}") = "ConsoleToBrowser", "ConsoleToBrowser\ConsoleToBrowser.csproj", "{68472E96-4C0F-4180-A72C-1C70C6E87B14}"
EndProject
Project("{FAE04EC0-301F-11D3-BF4B-00C04F79EFBC}") = "ConsoleApplication1", "ConsoleApplication1\ConsoleApplication1.csproj", "{6826ADF0-AC3E-48DE-A2B4-342D9F83CB22}"
EndProject
Global
	GlobalSection(SolutionConfigurationPlatforms) = preSolution
		Debug|Any CPU = Debug|Any CPU
		Release|Any CPU = Release|Any CPU
	EndGlobalSection
	GlobalSection(ProjectConfigurationPlatforms) = postSolution
		{68472E96-4C0F-4180-A72C-1C70C6E87B14}.Debug|Any CPU.ActiveCfg = Debug|Any CPU
		{68472E96-4C0F-4180-A72C-1C70C6E87B14}.Debug|Any CPU.Build.0 = Debug|Any CPU
		{68472E96-4C0F-4180-A72C-1C70C6E87B14}.Release|Any CPU.ActiveCfg = Release|Any CPU
		{68472E96-4C0F-4180-A72C-1C70C6E87B14}.Release|Any CPU.Build.0 = Release|Any CPU
		{6826ADF0-AC3E-48DE-A2B4-342D9F83CB22}.Debug|Any CPU.ActiveCfg = Debug|Any CPU
		{6826ADF0-AC3E-48DE-A2B4-342D9F83CB22}.Debug|Any CPU.Build.0 = Debug|Any CPU
		{6826ADF0-AC3E-48DE-A2B4-342D9F83CB22}.Release|Any CPU.ActiveCfg = Release|Any CPU
		{6826ADF0-AC3E-48DE-A2B4-342D9F83CB22}.Release|Any CPU.Build.0 = Release|Any CPU
	EndGlobalSection
	GlobalSection(SolutionProperties) = preSolution
		HideSolutionNode = FALSE
	EndGlobalSection
EndGlobal
